
Microsoft Visual Studio Solution File, Format Version 12.00
# Visual Studio Version 17
VisualStudioVersion = 17.2.32630.192
MinimumVisualStudioVersion = 10.0.40219.1
Project("{2150E333-8FDC-42A3-9474-1A3956D46DE8}") = "Modul001_Datentypen_Einstieg", "Modul001_Datentypen_Einstieg", "{AF235D8E-4A57-44D9-875C-EAF76740EBFE}"
EndProject
Project("{9A19103F-16F7-4668-BE54-9A1E7A4F7556}") = "Modul001_Datentypen_Einstieg", "Modul001_Datentypen_Einstieg\Modul001_Datentypen_Einstieg.csproj", "{6A840165-9596-498B-8BDD-E92F08ED029C}"
EndProject
Project("{9A19103F-16F7-4668-BE54-9A1E7A4F7556}") = "Modul001Lab", "Modul001Lab\Modul001Lab.csproj", "{7A7B3701-C061-4701-851F-8DFCBB683E3A}"
EndProject
Project("{2150E333-8FDC-42A3-9474-1A3956D46DE8}") = "Modul002_Array_Bedinungen", "Modul002_Array_Bedinungen", "{E03B9318-5E7A-4AA6-9808-312517FDFBE0}"
EndProject
Project("{9A19103F-16F7-4668-BE54-9A1E7A4F7556}") = "Moudl002_ArrayBedingungen", "Moudl002_ArrayBedingungen\Moudl002_ArrayBedingungen.csproj", "{6AF92499-4625-4905-B40D-EB16260E9AAD}"
EndProject
Project("{9A19103F-16F7-4668-BE54-9A1E7A4F7556}") = "Modul002Lab", "Modul002Lab\Modul002Lab.csproj", "{0089B683-928D-452C-BADE-B22332C040AD}"
EndProject
Project("{2150E333-8FDC-42A3-9474-1A3956D46DE8}") = "Modul003_Schleifen und Enums", "Modul003_Schleifen und Enums", "{6F81525A-4537-4F12-9935-AA598F6E2D5E}"
EndProject
Project("{9A19103F-16F7-4668-BE54-9A1E7A4F7556}") = "Modul003Demo", "Modul003Demo\Modul003Demo.csproj", "{C28F605A-7A7E-4D49-AD40-6E00B2E3647B}"
EndProject
Project("{2150E333-8FDC-42A3-9474-1A3956D46DE8}") = "Modul004_Funktionen", "Modul004_Funktionen", "{833DE18A-649E-4F20-BD9C-DEFB390D643A}"
EndProject
Project("{9A19103F-16F7-4668-BE54-9A1E7A4F7556}") = "Modul003Lab", "Modul003Lab\Modul003Lab.csproj", "{CCEF842F-47F3-4613-931F-18BEC3E35820}"
EndProject
Project("{9A19103F-16F7-4668-BE54-9A1E7A4F7556}") = "Modul004Demo", "Modul004Demo\Modul004Demo.csproj", "{8F1F1455-D0AA-46C8-898D-0E64207E121C}"
EndProject
Project("{9A19103F-16F7-4668-BE54-9A1E7A4F7556}") = "Modul004bDemo", "Modul004bDemo\Modul004bDemo.csproj", "{4C404469-EFCD-4ACC-A592-1F7472F7CDEC}"
EndProject
Project("{9A19103F-16F7-4668-BE54-9A1E7A4F7556}") = "Modul004Lab", "Modul004Lab\Modul004Lab.csproj", "{DACF0D4D-ED89-487D-804B-819BEE9B684D}"
EndProject
Project("{2150E333-8FDC-42A3-9474-1A3956D46DE8}") = "Modul005_Namespace_Klassen_Felder_Eigenschaften", "Modul005_Namespace_Klassen_Felder_Eigenschaften", "{3228B820-B601-4938-88DA-EF4BA3866BA6}"
EndProject
Project("{9A19103F-16F7-4668-BE54-9A1E7A4F7556}") = "Modul005_NamespaceSample", "Modul005_NamespaceSample\Modul005_NamespaceSample.csproj", "{FE1E5CA9-DC76-4E9A-BD55-9823BA7D4496}"
EndProject
Project("{9A19103F-16F7-4668-BE54-9A1E7A4F7556}") = "Modul005_NamespaceSample.Library", "Modul005_NamespaceSample.Library\Modul005_NamespaceSample.Library.csproj", "{BC2D4D42-05E3-4E0E-A76B-57350901E2A6}"
EndProject
Project("{9A19103F-16F7-4668-BE54-9A1E7A4F7556}") = "Modul005Demo", "Modul005Demo\Modul005Demo.csproj", "{9D3EC510-E549-42DA-B568-0F2A87F3800E}"
EndProject
Project("{9A19103F-16F7-4668-BE54-9A1E7A4F7556}") = "Modul005DemoReferenz", "Modul005DemoReferenz\Modul005DemoReferenz.csproj", "{955A327E-0293-4484-A987-5AE5F71F5B80}"
EndProject
Project("{2150E333-8FDC-42A3-9474-1A3956D46DE8}") = "Modul006_statische Methoden", "Modul006_statische Methoden", "{B422D602-ECF1-4350-8624-B02FB4A3DE70}"
EndProject
Project("{FAE04EC0-301F-11D3-BF4B-00C04F79EFBC}") = "Modul006Demo", "Modul006Demo\Modul006Demo.csproj", "{70C26502-D90B-4B28-8F3A-CDCD58AEC703}"
EndProject
Project("{FAE04EC0-301F-11D3-BF4B-00C04F79EFBC}") = "Modul006DemoRef", "Modul006DemoRef\Modul006DemoRef.csproj", "{633793EB-1591-452D-A07E-1331DA7743FD}"
EndProject
Project("{2150E333-8FDC-42A3-9474-1A3956D46DE8}") = "Modul007_Vererbung", "Modul007_Vererbung", "{EC22666B-646C-4A9B-8859-317DA1B1009B}"
EndProject
Project("{FAE04EC0-301F-11D3-BF4B-00C04F79EFBC}") = "Modul007_Vererbung", "Modul007_Vererbung\Modul007_Vererbung.csproj", "{81027FE8-DBFA-41E0-96D8-8F334DBDF0B6}"
EndProject
Project("{FAE04EC0-301F-11D3-BF4B-00C04F79EFBC}") = "NullableDatatypes.cs", "NullableDatatypes.cs\NullableDatatypes.cs.csproj", "{540CB87C-8409-40DA-9204-FB3955721CED}"
EndProject
Project("{2150E333-8FDC-42A3-9474-1A3956D46DE8}") = "OOP_LABS", "OOP_LABS", "{307B8437-A794-4700-8D7F-909460DC4088}"
EndProject
Project("{FAE04EC0-301F-11D3-BF4B-00C04F79EFBC}") = "Lab005_Fahrzeuge_Loesung", "Lab005_Fahrzeuge_Loesung\Lab005_Fahrzeuge_Loesung.csproj", "{3AD7E7A7-9BA8-4074-9742-B7B1EA57C894}"
EndProject
Project("{FAE04EC0-301F-11D3-BF4B-00C04F79EFBC}") = "Lab007_Fahrzeug_Loesung", "Lab007_Fahrzeug_Loesung\Lab007_Fahrzeug_Loesung.csproj", "{5657C7E1-24E1-469C-9F83-540D87F0C865}"
EndProject
Project("{FAE04EC0-301F-11D3-BF4B-00C04F79EFBC}") = "Modul007b_VirtualSample", "Modul007b_VirtualSample\Modul007b_VirtualSample.csproj", "{BF0E98C3-760A-49D6-864A-C60BC51DAFAD}"
EndProject
Global
	GlobalSection(SolutionConfigurationPlatforms) = preSolution
		Debug|Any CPU = Debug|Any CPU
		Release|Any CPU = Release|Any CPU
	EndGlobalSection
	GlobalSection(ProjectConfigurationPlatforms) = postSolution
		{6A840165-9596-498B-8BDD-E92F08ED029C}.Debug|Any CPU.ActiveCfg = Debug|Any CPU
		{6A840165-9596-498B-8BDD-E92F08ED029C}.Debug|Any CPU.Build.0 = Debug|Any CPU
		{6A840165-9596-498B-8BDD-E92F08ED029C}.Release|Any CPU.ActiveCfg = Release|Any CPU
		{6A840165-9596-498B-8BDD-E92F08ED029C}.Release|Any CPU.Build.0 = Release|Any CPU
		{7A7B3701-C061-4701-851F-8DFCBB683E3A}.Debug|Any CPU.ActiveCfg = Debug|Any CPU
		{7A7B3701-C061-4701-851F-8DFCBB683E3A}.Debug|Any CPU.Build.0 = Debug|Any CPU
		{7A7B3701-C061-4701-851F-8DFCBB683E3A}.Release|Any CPU.ActiveCfg = Release|Any CPU
		{7A7B3701-C061-4701-851F-8DFCBB683E3A}.Release|Any CPU.Build.0 = Release|Any CPU
		{6AF92499-4625-4905-B40D-EB16260E9AAD}.Debug|Any CPU.ActiveCfg = Debug|Any CPU
		{6AF92499-4625-4905-B40D-EB16260E9AAD}.Debug|Any CPU.Build.0 = Debug|Any CPU
		{6AF92499-4625-4905-B40D-EB16260E9AAD}.Release|Any CPU.ActiveCfg = Release|Any CPU
		{6AF92499-4625-4905-B40D-EB16260E9AAD}.Release|Any CPU.Build.0 = Release|Any CPU
		{0089B683-928D-452C-BADE-B22332C040AD}.Debug|Any CPU.ActiveCfg = Debug|Any CPU
		{0089B683-928D-452C-BADE-B22332C040AD}.Debug|Any CPU.Build.0 = Debug|Any CPU
		{0089B683-928D-452C-BADE-B22332C040AD}.Release|Any CPU.ActiveCfg = Release|Any CPU
		{0089B683-928D-452C-BADE-B22332C040AD}.Release|Any CPU.Build.0 = Release|Any CPU
		{C28F605A-7A7E-4D49-AD40-6E00B2E3647B}.Debug|Any CPU.ActiveCfg = Debug|Any CPU
		{C28F605A-7A7E-4D49-AD40-6E00B2E3647B}.Debug|Any CPU.Build.0 = Debug|Any CPU
		{C28F605A-7A7E-4D49-AD40-6E00B2E3647B}.Release|Any CPU.ActiveCfg = Release|Any CPU
		{C28F605A-7A7E-4D49-AD40-6E00B2E3647B}.Release|Any CPU.Build.0 = Release|Any CPU
		{CCEF842F-47F3-4613-931F-18BEC3E35820}.Debug|Any CPU.ActiveCfg = Debug|Any CPU
		{CCEF842F-47F3-4613-931F-18BEC3E35820}.Debug|Any CPU.Build.0 = Debug|Any CPU
		{CCEF842F-47F3-4613-931F-18BEC3E35820}.Release|Any CPU.ActiveCfg = Release|Any CPU
		{CCEF842F-47F3-4613-931F-18BEC3E35820}.Release|Any CPU.Build.0 = Release|Any CPU
		{8F1F1455-D0AA-46C8-898D-0E64207E121C}.Debug|Any CPU.ActiveCfg = Debug|Any CPU
		{8F1F1455-D0AA-46C8-898D-0E64207E121C}.Debug|Any CPU.Build.0 = Debug|Any CPU
		{8F1F1455-D0AA-46C8-898D-0E64207E121C}.Release|Any CPU.ActiveCfg = Release|Any CPU
		{8F1F1455-D0AA-46C8-898D-0E64207E121C}.Release|Any CPU.Build.0 = Release|Any CPU
		{4C404469-EFCD-4ACC-A592-1F7472F7CDEC}.Debug|Any CPU.ActiveCfg = Debug|Any CPU
		{4C404469-EFCD-4ACC-A592-1F7472F7CDEC}.Debug|Any CPU.Build.0 = Debug|Any CPU
		{4C404469-EFCD-4ACC-A592-1F7472F7CDEC}.Release|Any CPU.ActiveCfg = Release|Any CPU
		{4C404469-EFCD-4ACC-A592-1F7472F7CDEC}.Release|Any CPU.Build.0 = Release|Any CPU
		{DACF0D4D-ED89-487D-804B-819BEE9B684D}.Debug|Any CPU.ActiveCfg = Debug|Any CPU
		{DACF0D4D-ED89-487D-804B-819BEE9B684D}.Debug|Any CPU.Build.0 = Debug|Any CPU
		{DACF0D4D-ED89-487D-804B-819BEE9B684D}.Release|Any CPU.ActiveCfg = Release|Any CPU
		{DACF0D4D-ED89-487D-804B-819BEE9B684D}.Release|Any CPU.Build.0 = Release|Any CPU
		{FE1E5CA9-DC76-4E9A-BD55-9823BA7D4496}.Debug|Any CPU.ActiveCfg = Debug|Any CPU
		{FE1E5CA9-DC76-4E9A-BD55-9823BA7D4496}.Debug|Any CPU.Build.0 = Debug|Any CPU
		{FE1E5CA9-DC76-4E9A-BD55-9823BA7D4496}.Release|Any CPU.ActiveCfg = Release|Any CPU
		{FE1E5CA9-DC76-4E9A-BD55-9823BA7D4496}.Release|Any CPU.Build.0 = Release|Any CPU
		{BC2D4D42-05E3-4E0E-A76B-57350901E2A6}.Debug|Any CPU.ActiveCfg = Debug|Any CPU
		{BC2D4D42-05E3-4E0E-A76B-57350901E2A6}.Debug|Any CPU.Build.0 = Debug|Any CPU
		{BC2D4D42-05E3-4E0E-A76B-57350901E2A6}.Release|Any CPU.ActiveCfg = Release|Any CPU
		{BC2D4D42-05E3-4E0E-A76B-57350901E2A6}.Release|Any CPU.Build.0 = Release|Any CPU
		{9D3EC510-E549-42DA-B568-0F2A87F3800E}.Debug|Any CPU.ActiveCfg = Debug|Any CPU
		{9D3EC510-E549-42DA-B568-0F2A87F3800E}.Debug|Any CPU.Build.0 = Debug|Any CPU
		{9D3EC510-E549-42DA-B568-0F2A87F3800E}.Release|Any CPU.ActiveCfg = Release|Any CPU
		{9D3EC510-E549-42DA-B568-0F2A87F3800E}.Release|Any CPU.Build.0 = Release|Any CPU
		{955A327E-0293-4484-A987-5AE5F71F5B80}.Debug|Any CPU.ActiveCfg = Debug|Any CPU
		{955A327E-0293-4484-A987-5AE5F71F5B80}.Debug|Any CPU.Build.0 = Debug|Any CPU
		{955A327E-0293-4484-A987-5AE5F71F5B80}.Release|Any CPU.ActiveCfg = Release|Any CPU
		{955A327E-0293-4484-A987-5AE5F71F5B80}.Release|Any CPU.Build.0 = Release|Any CPU
		{70C26502-D90B-4B28-8F3A-CDCD58AEC703}.Debug|Any CPU.ActiveCfg = Debug|Any CPU
		{70C26502-D90B-4B28-8F3A-CDCD58AEC703}.Debug|Any CPU.Build.0 = Debug|Any CPU
		{70C26502-D90B-4B28-8F3A-CDCD58AEC703}.Release|Any CPU.ActiveCfg = Release|Any CPU
		{70C26502-D90B-4B28-8F3A-CDCD58AEC703}.Release|Any CPU.Build.0 = Release|Any CPU
		{633793EB-1591-452D-A07E-1331DA7743FD}.Debug|Any CPU.ActiveCfg = Debug|Any CPU
		{633793EB-1591-452D-A07E-1331DA7743FD}.Debug|Any CPU.Build.0 = Debug|Any CPU
		{633793EB-1591-452D-A07E-1331DA7743FD}.Release|Any CPU.ActiveCfg = Release|Any CPU
		{633793EB-1591-452D-A07E-1331DA7743FD}.Release|Any CPU.Build.0 = Release|Any CPU
		{81027FE8-DBFA-41E0-96D8-8F334DBDF0B6}.Debug|Any CPU.ActiveCfg = Debug|Any CPU
		{81027FE8-DBFA-41E0-96D8-8F334DBDF0B6}.Debug|Any CPU.Build.0 = Debug|Any CPU
		{81027FE8-DBFA-41E0-96D8-8F334DBDF0B6}.Release|Any CPU.ActiveCfg = Release|Any CPU
		{81027FE8-DBFA-41E0-96D8-8F334DBDF0B6}.Release|Any CPU.Build.0 = Release|Any CPU
		{540CB87C-8409-40DA-9204-FB3955721CED}.Debug|Any CPU.ActiveCfg = Debug|Any CPU
		{540CB87C-8409-40DA-9204-FB3955721CED}.Debug|Any CPU.Build.0 = Debug|Any CPU
		{540CB87C-8409-40DA-9204-FB3955721CED}.Release|Any CPU.ActiveCfg = Release|Any CPU
		{540CB87C-8409-40DA-9204-FB3955721CED}.Release|Any CPU.Build.0 = Release|Any CPU
		{3AD7E7A7-9BA8-4074-9742-B7B1EA57C894}.Debug|Any CPU.ActiveCfg = Debug|Any CPU
		{3AD7E7A7-9BA8-4074-9742-B7B1EA57C894}.Debug|Any CPU.Build.0 = Debug|Any CPU
		{3AD7E7A7-9BA8-4074-9742-B7B1EA57C894}.Release|Any CPU.ActiveCfg = Release|Any CPU
		{3AD7E7A7-9BA8-4074-9742-B7B1EA57C894}.Release|Any CPU.Build.0 = Release|Any CPU
		{5657C7E1-24E1-469C-9F83-540D87F0C865}.Debug|Any CPU.ActiveCfg = Debug|Any CPU
		{5657C7E1-24E1-469C-9F83-540D87F0C865}.Debug|Any CPU.Build.0 = Debug|Any CPU
		{5657C7E1-24E1-469C-9F83-540D87F0C865}.Release|Any CPU.ActiveCfg = Release|Any CPU
		{5657C7E1-24E1-469C-9F83-540D87F0C865}.Release|Any CPU.Build.0 = Release|Any CPU
		{BF0E98C3-760A-49D6-864A-C60BC51DAFAD}.Debug|Any CPU.ActiveCfg = Debug|Any CPU
		{BF0E98C3-760A-49D6-864A-C60BC51DAFAD}.Debug|Any CPU.Build.0 = Debug|Any CPU
		{BF0E98C3-760A-49D6-864A-C60BC51DAFAD}.Release|Any CPU.ActiveCfg = Release|Any CPU
		{BF0E98C3-760A-49D6-864A-C60BC51DAFAD}.Release|Any CPU.Build.0 = Release|Any CPU
	EndGlobalSection
	GlobalSection(SolutionProperties) = preSolution
		HideSolutionNode = FALSE
	EndGlobalSection
	GlobalSection(NestedProjects) = preSolution
		{6A840165-9596-498B-8BDD-E92F08ED029C} = {AF235D8E-4A57-44D9-875C-EAF76740EBFE}
		{7A7B3701-C061-4701-851F-8DFCBB683E3A} = {AF235D8E-4A57-44D9-875C-EAF76740EBFE}
		{6AF92499-4625-4905-B40D-EB16260E9AAD} = {E03B9318-5E7A-4AA6-9808-312517FDFBE0}
		{0089B683-928D-452C-BADE-B22332C040AD} = {E03B9318-5E7A-4AA6-9808-312517FDFBE0}
		{C28F605A-7A7E-4D49-AD40-6E00B2E3647B} = {6F81525A-4537-4F12-9935-AA598F6E2D5E}
		{CCEF842F-47F3-4613-931F-18BEC3E35820} = {6F81525A-4537-4F12-9935-AA598F6E2D5E}
		{8F1F1455-D0AA-46C8-898D-0E64207E121C} = {833DE18A-649E-4F20-BD9C-DEFB390D643A}
		{4C404469-EFCD-4ACC-A592-1F7472F7CDEC} = {833DE18A-649E-4F20-BD9C-DEFB390D643A}
		{DACF0D4D-ED89-487D-804B-819BEE9B684D} = {833DE18A-649E-4F20-BD9C-DEFB390D643A}
		{FE1E5CA9-DC76-4E9A-BD55-9823BA7D4496} = {3228B820-B601-4938-88DA-EF4BA3866BA6}
		{BC2D4D42-05E3-4E0E-A76B-57350901E2A6} = {3228B820-B601-4938-88DA-EF4BA3866BA6}
		{9D3EC510-E549-42DA-B568-0F2A87F3800E} = {3228B820-B601-4938-88DA-EF4BA3866BA6}
		{955A327E-0293-4484-A987-5AE5F71F5B80} = {3228B820-B601-4938-88DA-EF4BA3866BA6}
		{70C26502-D90B-4B28-8F3A-CDCD58AEC703} = {B422D602-ECF1-4350-8624-B02FB4A3DE70}
		{633793EB-1591-452D-A07E-1331DA7743FD} = {B422D602-ECF1-4350-8624-B02FB4A3DE70}
		{81027FE8-DBFA-41E0-96D8-8F334DBDF0B6} = {EC22666B-646C-4A9B-8859-317DA1B1009B}
		{540CB87C-8409-40DA-9204-FB3955721CED} = {AF235D8E-4A57-44D9-875C-EAF76740EBFE}
		{3AD7E7A7-9BA8-4074-9742-B7B1EA57C894} = {307B8437-A794-4700-8D7F-909460DC4088}
		{5657C7E1-24E1-469C-9F83-540D87F0C865} = {307B8437-A794-4700-8D7F-909460DC4088}
		{BF0E98C3-760A-49D6-864A-C60BC51DAFAD} = {EC22666B-646C-4A9B-8859-317DA1B1009B}
	EndGlobalSection
	GlobalSection(ExtensibilityGlobals) = postSolution
		SolutionGuid = {6935B125-A976-45EB-BA7F-CC1ACA956921}
	EndGlobalSection
EndGlobal
