
Microsoft Visual Studio Solution File, Format Version 12.00
# Visual Studio Version 17
VisualStudioVersion = 17.2.32630.192
MinimumVisualStudioVersion = 10.0.40219.1
Project("{2150E333-8FDC-42A3-9474-1A3956D46DE8}") = "Modul001_Datentypen_Einstieg", "Modul001_Datentypen_Einstieg", "{AF235D8E-4A57-44D9-875C-EAF76740EBFE}"
EndProject
Project("{FAE04EC0-301F-11D3-BF4B-00C04F79EFBC}") = "Modul001_Datentypen_Einstieg", "Modul001_Datentypen_Einstieg\Modul001_Datentypen_Einstieg.csproj", "{6A840165-9596-498B-8BDD-E92F08ED029C}"
EndProject
Project("{FAE04EC0-301F-11D3-BF4B-00C04F79EFBC}") = "Modul001Lab", "Modul001Lab\Modul001Lab.csproj", "{7A7B3701-C061-4701-851F-8DFCBB683E3A}"
EndProject
Project("{2150E333-8FDC-42A3-9474-1A3956D46DE8}") = "Modul002_Array_Bedinungen", "Modul002_Array_Bedinungen", "{E03B9318-5E7A-4AA6-9808-312517FDFBE0}"
EndProject
Project("{FAE04EC0-301F-11D3-BF4B-00C04F79EFBC}") = "Moudl002_ArrayBedingungen", "Moudl002_ArrayBedingungen\Moudl002_ArrayBedingungen.csproj", "{6AF92499-4625-4905-B40D-EB16260E9AAD}"
EndProject
Project("{FAE04EC0-301F-11D3-BF4B-00C04F79EFBC}") = "Modul002Lab", "Modul002Lab\Modul002Lab.csproj", "{0089B683-928D-452C-BADE-B22332C040AD}"
EndProject
Project("{2150E333-8FDC-42A3-9474-1A3956D46DE8}") = "Modul003_Schleifen und Enums", "Modul003_Schleifen und Enums", "{6F81525A-4537-4F12-9935-AA598F6E2D5E}"
EndProject
Project("{FAE04EC0-301F-11D3-BF4B-00C04F79EFBC}") = "Modul003Demo", "Modul003Demo\Modul003Demo.csproj", "{C28F605A-7A7E-4D49-AD40-6E00B2E3647B}"
EndProject
Global
	GlobalSection(SolutionConfigurationPlatforms) = preSolution
		Debug|Any CPU = Debug|Any CPU
		Release|Any CPU = Release|Any CPU
	EndGlobalSection
	GlobalSection(ProjectConfigurationPlatforms) = postSolution
		{6A840165-9596-498B-8BDD-E92F08ED029C}.Debug|Any CPU.ActiveCfg = Debug|Any CPU
		{6A840165-9596-498B-8BDD-E92F08ED029C}.Debug|Any CPU.Build.0 = Debug|Any CPU
		{6A840165-9596-498B-8BDD-E92F08ED029C}.Release|Any CPU.ActiveCfg = Release|Any CPU
		{6A840165-9596-498B-8BDD-E92F08ED029C}.Release|Any CPU.Build.0 = Release|Any CPU
		{7A7B3701-C061-4701-851F-8DFCBB683E3A}.Debug|Any CPU.ActiveCfg = Debug|Any CPU
		{7A7B3701-C061-4701-851F-8DFCBB683E3A}.Debug|Any CPU.Build.0 = Debug|Any CPU
		{7A7B3701-C061-4701-851F-8DFCBB683E3A}.Release|Any CPU.ActiveCfg = Release|Any CPU
		{7A7B3701-C061-4701-851F-8DFCBB683E3A}.Release|Any CPU.Build.0 = Release|Any CPU
		{6AF92499-4625-4905-B40D-EB16260E9AAD}.Debug|Any CPU.ActiveCfg = Debug|Any CPU
		{6AF92499-4625-4905-B40D-EB16260E9AAD}.Debug|Any CPU.Build.0 = Debug|Any CPU
		{6AF92499-4625-4905-B40D-EB16260E9AAD}.Release|Any CPU.ActiveCfg = Release|Any CPU
		{6AF92499-4625-4905-B40D-EB16260E9AAD}.Release|Any CPU.Build.0 = Release|Any CPU
		{0089B683-928D-452C-BADE-B22332C040AD}.Debug|Any CPU.ActiveCfg = Debug|Any CPU
		{0089B683-928D-452C-BADE-B22332C040AD}.Debug|Any CPU.Build.0 = Debug|Any CPU
		{0089B683-928D-452C-BADE-B22332C040AD}.Release|Any CPU.ActiveCfg = Release|Any CPU
		{0089B683-928D-452C-BADE-B22332C040AD}.Release|Any CPU.Build.0 = Release|Any CPU
		{C28F605A-7A7E-4D49-AD40-6E00B2E3647B}.Debug|Any CPU.ActiveCfg = Debug|Any CPU
		{C28F605A-7A7E-4D49-AD40-6E00B2E3647B}.Debug|Any CPU.Build.0 = Debug|Any CPU
		{C28F605A-7A7E-4D49-AD40-6E00B2E3647B}.Release|Any CPU.ActiveCfg = Release|Any CPU
		{C28F605A-7A7E-4D49-AD40-6E00B2E3647B}.Release|Any CPU.Build.0 = Release|Any CPU
	EndGlobalSection
	GlobalSection(SolutionProperties) = preSolution
		HideSolutionNode = FALSE
	EndGlobalSection
	GlobalSection(NestedProjects) = preSolution
		{6A840165-9596-498B-8BDD-E92F08ED029C} = {AF235D8E-4A57-44D9-875C-EAF76740EBFE}
		{7A7B3701-C061-4701-851F-8DFCBB683E3A} = {AF235D8E-4A57-44D9-875C-EAF76740EBFE}
		{6AF92499-4625-4905-B40D-EB16260E9AAD} = {E03B9318-5E7A-4AA6-9808-312517FDFBE0}
		{0089B683-928D-452C-BADE-B22332C040AD} = {E03B9318-5E7A-4AA6-9808-312517FDFBE0}
		{C28F605A-7A7E-4D49-AD40-6E00B2E3647B} = {6F81525A-4537-4F12-9935-AA598F6E2D5E}
	EndGlobalSection
	GlobalSection(ExtensibilityGlobals) = postSolution
		SolutionGuid = {6935B125-A976-45EB-BA7F-CC1ACA956921}
	EndGlobalSection
EndGlobal
